
Microsoft Visual Studio Solution File, Format Version 12.00
# Visual Studio Version 17
VisualStudioVersion = 17.2.32630.192
MinimumVisualStudioVersion = 10.0.40219.1
Project("{FAE04EC0-301F-11D3-BF4B-00C04F79EFBC}") = "MongoDBTransfer", "MongoDBTransfer.csproj", "{3F73740B-7C33-4892-A7A5-9B1C8D1CBCE3}"
EndProject
Global
	GlobalSection(SolutionConfigurationPlatforms) = preSolution
		Debug|Any CPU = Debug|Any CPU
		Release|Any CPU = Release|Any CPU
	EndGlobalSection
	GlobalSection(ProjectConfigurationPlatforms) = postSolution
		{3F73740B-7C33-4892-A7A5-9B1C8D1CBCE3}.Debug|Any CPU.ActiveCfg = Debug|Any CPU
		{3F73740B-7C33-4892-A7A5-9B1C8D1CBCE3}.Debug|Any CPU.Build.0 = Debug|Any CPU
		{3F73740B-7C33-4892-A7A5-9B1C8D1CBCE3}.Release|Any CPU.ActiveCfg = Release|Any CPU
		{3F73740B-7C33-4892-A7A5-9B1C8D1CBCE3}.Release|Any CPU.Build.0 = Release|Any CPU
	EndGlobalSection
	GlobalSection(SolutionProperties) = preSolution
		HideSolutionNode = FALSE
	EndGlobalSection
	GlobalSection(ExtensibilityGlobals) = postSolution
		SolutionGuid = {1AC47013-22C8-41A8-90D8-361EE7747D91}
	EndGlobalSection
EndGlobal
